
Microsoft Visual Studio Solution File, Format Version 12.00
Project("{FAE04EC0-301F-11D3-BF4B-00C04F79EFBC}") = "api-web-services-fuel-manager", "api-web-services-fuel-manager\api-web-services-fuel-manager.csproj", "{B235038F-73F4-4F6C-A901-438ABBFCDDEC}"
EndProject
Global
	GlobalSection(SolutionConfigurationPlatforms) = preSolution
		Debug|Any CPU = Debug|Any CPU
		Release|Any CPU = Release|Any CPU
	EndGlobalSection
	GlobalSection(ProjectConfigurationPlatforms) = postSolution
		{B235038F-73F4-4F6C-A901-438ABBFCDDEC}.Debug|Any CPU.ActiveCfg = Debug|Any CPU
		{B235038F-73F4-4F6C-A901-438ABBFCDDEC}.Debug|Any CPU.Build.0 = Debug|Any CPU
		{B235038F-73F4-4F6C-A901-438ABBFCDDEC}.Release|Any CPU.ActiveCfg = Release|Any CPU
		{B235038F-73F4-4F6C-A901-438ABBFCDDEC}.Release|Any CPU.Build.0 = Release|Any CPU
	EndGlobalSection
EndGlobal
